# THIS IS AN AUTOGENERATED FILE. DO NOT EDIT THIS FILE DIRECTLY.
# yarn lockfile v1


"@babel/code-frame@^7.29.7":
  version "7.29.7"
  resolved "https://registry.yarnpkg.com/@babel/code-frame/-/code-frame-7.29.7.tgz#f2fbbfea87c44a21590ec515b778b2c26d8866e7"
  integrity sha512-Aup7aUOfpbAUg2ROOJN6Iw5f9DMBlzu0mIkm/malLQFN/YQgO48wCj0Kxa3sEHJvPVFg7siR+qRInwXd2qhQKw==
  dependencies:
    "@babel/helper-validator-identifier" "^7.29.7"
    js-tokens "^4.0.0"
    picocolors "^1.1.1"

"@babel/generator@^7.26.5", "@babel/generator@^7.29.7":
  version "7.29.7"
  resolved "https://registry.yarnpkg.com/@babel/generator/-/generator-7.29.7.tgz#cca0b8827e6bcf3ba176788e7f3b180ad6db2fa3"
  integrity sha512-DkXD5OJQaAQIdZ1bt3UZdEnHAn9Imd3IVBdX03UFe+ony9Ojw5pzr9YVKGDY1jt+Gcn/FnGkNf8r+Vj5NOJWtQ==
  dependencies:
    "@babel/parser" "^7.29.7"
    "@babel/types" "^7.29.7"
    "@jridgewell/gen-mapping" "^0.3.12"
    "@jridgewell/trace-mapping" "^0.3.28"
    jsesc "^3.0.2"

"@babel/helper-globals@^7.29.7":
  version "7.29.7"
  resolved "https://registry.yarnpkg.com/@babel/helper-globals/-/helper-globals-7.29.7.tgz#f04a96fbd8473241b1079243f5b3f03a3010ab7b"
  integrity sha512-3nQVUAtvkKH9zahfWgw96Jc/uFOmjACE1kQz82E2lqWmHBgjzbNlsC22nuQTfahmWeQtTq5nQ/4Nnd2A1wj4zA==

"@babel/helper-string-parser@^7.29.7":
  version "7.29.7"
  resolved "https://registry.yarnpkg.com/@babel/helper-string-parser/-/helper-string-parser-7.29.7.tgz#7f0871d99824d23137d60f86fcf6130fd5a1b51f"
  integrity sha512-Pb5ijPrZ89GDH8223L4UP8i6QApWxs04RbPQJTeWDV0/keR2E36MeKnyr6LYmUUvqRRI+Iv87SuF1W6ErINzYw==

"@babel/helper-validator-identifier@^7.29.7":
  version "7.29.7"
  resolved "https://registry.yarnpkg.com/@babel/helper-validator-identifier/-/helper-validator-identifier-7.29.7.tgz#bd87084ced0c796ec46bda492de6e83d29e89fc2"
  integrity sha512-qehxGkRj55h/ff8EMaJ+cYhyaKlHIxqYDn682wQD7RNp9UujOQsHog2uS0r2vzr4pW+sXf90NeeayjcNaX3fFg==

"@babel/parser@^7.26.7", "@babel/parser@^7.29.7":
  version "7.29.7"
  resolved "https://registry.yarnpkg.com/@babel/parser/-/parser-7.29.7.tgz#837b87387cbf5ec5530cb634b3c622f68edb9334"
  integrity sha512-hnORnjP/1P/zFEndoeX+n+t1RwWRJiJpM/jO7FW32Kn9r5+sJB2JWOdYo4L6k78j15eCwY3Gm/7364B1EMwtNg==
  dependencies:
    "@babel/types" "^7.29.7"

"@babel/template@^7.29.7":
  version "7.29.7"
  resolved "https://registry.yarnpkg.com/@babel/template/-/template-7.29.7.tgz#4d9d4004f645cdd304de958c725162784ecac700"
  integrity sha512-puq+Gf35oI24FeN11LkoUQFqv9uwNeWpxXZi/Ji3rRIoKAzKnxRaZ+Gkj0vKS9ZCiTESfng1N9LyOyXvo+m+Gg==
  dependencies:
    "@babel/code-frame" "^7.29.7"
    "@babel/parser" "^7.29.7"
    "@babel/types" "^7.29.7"

"@babel/traverse@^7.26.7":
  version "7.29.7"
  resolved "https://registry.yarnpkg.com/@babel/traverse/-/traverse-7.29.7.tgz#c47b07a41b95da0907d026b5dd894d98de7d2f2d"
  integrity sha512-EhlfNQtZ+NK22w5BM61ciuiq1m58ed33Wr1Xan//ZRTy6hgjnwyCffRYwzsGXdASJSUJ1guZILsErh1eQcl+zw==
  dependencies:
    "@babel/code-frame" "^7.29.7"
    "@babel/generator" "^7.29.7"
    "@babel/helper-globals" "^7.29.7"
    "@babel/parser" "^7.29.7"
    "@babel/template" "^7.29.7"
    "@babel/types" "^7.29.7"
    debug "^4.3.1"

"@babel/types@^7.26.7", "@babel/types@^7.29.7":
  version "7.29.7"
  resolved "https://registry.yarnpkg.com/@babel/types/-/types-7.29.7.tgz#8005e31d82712ee7adaef6e23c63b71a62770a92"
  integrity sha512-4zBIxpPzowiZpusoFkyGVwakdRJUyuH5PxQ/PrqghfdFWWasvnCdPfQXHrenDai+gyLARulZjZowCOj6fjT4pA==
  dependencies:
    "@babel/helper-string-parser" "^7.29.7"
    "@babel/helper-validator-identifier" "^7.29.7"

"@borewit/text-codec@^0.2.1":
  version "0.2.2"
  resolved "https://registry.yarnpkg.com/@borewit/text-codec/-/text-codec-0.2.2.tgz#75025f735c0983b3a871668804a57387e3649375"
  integrity sha512-DDaRehssg1aNrH4+2hnj1B7vnUGEjU6OIlyRdkMd0aUdIUvKXrJfXsy8LVtXAy7DRvYVluWbMspsRhz2lcW0mQ==

"@bufbuild/protobuf@^2.0.0", "@bufbuild/protobuf@^2.14.1":
  version "2.15.0"
  resolved "https://registry.yarnpkg.com/@bufbuild/protobuf/-/protobuf-2.15.0.tgz#9706bf5dea2c27bc9dcaccc0c2aac24e0efa6677"
  integrity sha512-DAheWUkVr/SJTWCc+lg9dhY0eN4SaWlf4+bG1KzHeXbnqt0AfB/NX0Z+VunGlM1ki1B4zVvye27MpKh/svySUA==

"@jridgewell/gen-mapping@^0.3.12":
  version "0.3.13"
  resolved "https://registry.yarnpkg.com/@jridgewell/gen-mapping/-/gen-mapping-0.3.13.tgz#6342a19f44347518c93e43b1ac69deb3c4656a1f"
  integrity sha512-2kkt/7niJ6MgEPxF0bYdQ6etZaA+fQvDcLKckhy1yIQOzaoKjBBjSj63/aLVjYE3qhRt5dvM+uUyfCg6UKCBbA==
  dependencies:
    "@jridgewell/sourcemap-codec" "^1.5.0"
    "@jridgewell/trace-mapping" "^0.3.24"

"@jridgewell/resolve-uri@^3.1.0":
  version "3.1.2"
  resolved "https://registry.yarnpkg.com/@jridgewell/resolve-uri/-/resolve-uri-3.1.2.tgz#7a0ee601f60f99a20c7c7c5ff0c80388c1189bd6"
  integrity sha512-bRISgCIjP20/tbWSPWMEi54QVPRZExkuD9lJL+UIxUKtwVJA8wW1Trb1jMs1RFXo1CBTNZ/5hpC9QvmKWdopKw==

"@jridgewell/sourcemap-codec@^1.4.14", "@jridgewell/sourcemap-codec@^1.5.0":
  version "1.5.5"
  resolved "https://registry.yarnpkg.com/@jridgewell/sourcemap-codec/-/sourcemap-codec-1.5.5.tgz#6912b00d2c631c0d15ce1a7ab57cd657f2a8f8ba"
  integrity sha512-cYQ9310grqxueWbl+WuIUIaiUaDcj7WOq5fVhEljNVgRfOUhY9fy2zTvfoqWsnebh8Sl70VScFbICvJnLKB0Og==

"@jridgewell/trace-mapping@^0.3.24", "@jridgewell/trace-mapping@^0.3.28":
  version "0.3.31"
  resolved "https://registry.yarnpkg.com/@jridgewell/trace-mapping/-/trace-mapping-0.3.31.tgz#db15d6781c931f3a251a3dac39501c98a6082fd0"
  integrity sha512-zzNR+SdQSDJzc8joaeP8QQoCQr8NuYx2dIIytl1QeBEZHJ9uW6hebsrYgbz8hJwUQao3TWCMtmfV8Nu1twOLAw==
  dependencies:
    "@jridgewell/resolve-uri" "^3.1.0"
    "@jridgewell/sourcemap-codec" "^1.4.14"

"@lukeed/csprng@^1.0.0":
  version "1.1.0"
  resolved "https://registry.yarnpkg.com/@lukeed/csprng/-/csprng-1.1.0.tgz#1e3e4bd05c1cc7a0b2ddbd8a03f39f6e4b5e6cfe"
  integrity sha512-Z7C/xXCiGWsg0KuKsHTKJxbWhpI3Vs5GwLfOean7MGyVFGqdRgBbAjOCh6u4bbjPc/8MJ2pZmK/0DLdCbivLDA==

"@nestjs/common@^11.1.27":
  version "11.2.6"
  resolved "https://registry.yarnpkg.com/@nestjs/common/-/common-11.2.6.tgz#bd6b935ce861e6f39b4d43b3591de6ca4ef38989"
  integrity sha512-uXs98qEOesTf6rGs0OcvFpRdF4M6JvzyBmoIXcTYvojdte4HiwDYv+whaALoboyfu/fuq2umF74FLQu3V7ZPHw==
  dependencies:
    uid "2.0.2"
    file-type "21.3.4"
    iterare "1.2.1"
    load-esm "1.0.3"
    tslib "2.8.1"

"@nestjs/config@^4.0.2":
  version "4.0.4"
  resolved "https://registry.yarnpkg.com/@nestjs/config/-/config-4.0.4.tgz#311d806fdc32a8bf29cf9ced903b97cbdb7e064b"
  integrity sha512-CJPjNitr0bAufSEnRe2N+JbnVmMmDoo6hvKCPzXgZoGwJSmp/dZPk9f/RMbuD/+Q1ZJPjwsRpq0vxna++Knwow==
  dependencies:
    dotenv "17.4.1"
    dotenv-expand "12.0.3"
    lodash "4.18.1"

"@nestjs/microservices@^11.1.27":
  version "11.2.6"
  resolved "https://registry.yarnpkg.com/@nestjs/microservices/-/microservices-11.2.6.tgz#271dc61b3ee18b36f9a4908e04d20dd1fff9231f"
  integrity sha512-vtwCIFfVWMBwuSuTfBm/EOQyWTZaVP7GZblDrpLKPggCNkHWwDBLwAd73jyn+DPcDthZQOZLmYESI/3tlaZ8KA==
  dependencies:
    iterare "1.2.1"
    tslib "2.8.1"

"@paavveel/contracts@^1.1.3":
  version "1.1.3"
  resolved "https://registry.yarnpkg.com/@paavveel/contracts/-/contracts-1.1.3.tgz#a4c5013fe9aad8a33f7a1793336dfaaa2c7058ca"
  integrity sha512-RW49BCmGfaVMGTnIIWh6k6OARwiKzLOm41miRSHMsSOhR7K+Z1/rSD/bMzXtWY6eT61Gqh1pF9LfzTNI5d0T8A==
  dependencies:
    "@nestjs/microservices" "^11.1.27"
    rxjs "^7.8.2"
    ts-proto "^2.11.8"

"@paavveel/core@^1.0.3":
  version "1.0.3"
  resolved "https://registry.yarnpkg.com/@paavveel/core/-/core-1.0.3.tgz#b5c6670b931bb17e28119cc7641e2805800bb57e"
  integrity sha512-+lrDroluLWclYjRoB9mk9qfc/olz8kWx0Pqxv0QIhowTaWeK/OphFi/xvS1L5PEvuiVariienAdqWbPsajwAAg==
  dependencies:
    "@trivago/prettier-plugin-sort-imports" "^5.2.2"

"@tokenizer/inflate@^0.4.1":
  version "0.4.1"
  resolved "https://registry.yarnpkg.com/@tokenizer/inflate/-/inflate-0.4.1.tgz#fa6cdb8366151b3cc8426bf9755c1ea03a2fba08"
  integrity sha512-2mAv+8pkG6GIZiF1kNg1jAjh27IDxEPKwdGul3snfztFerfPGI1LjDezZp3i7BElXompqEtPmoPx6c2wgtWsOA==
  dependencies:
    debug "^4.4.3"
    token-types "^6.1.1"

"@tokenizer/token@^0.3.0":
  version "0.3.0"
  resolved "https://registry.yarnpkg.com/@tokenizer/token/-/token-0.3.0.tgz#fe98a93fe789247e998c75e74e9c7c63217aa276"
  integrity sha512-OvjF+z51L3ov0OyAU0duzsYuvO01PH7x4t6DJx+guahgTnBHkhJdG7soQeTSFLWN3efnHyibZ4Z8l2EuWwJN3A==

"@trivago/prettier-plugin-sort-imports@^5.2.2":
  version "5.2.2"
  resolved "https://registry.yarnpkg.com/@trivago/prettier-plugin-sort-imports/-/prettier-plugin-sort-imports-5.2.2.tgz#38983f0b83490a0a7d974a6f1e409fb4bf678d02"
  integrity sha512-fYDQA9e6yTNmA13TLVSA+WMQRc5Bn/c0EUBditUHNfMMxN7M82c38b1kEggVE3pLpZ0FwkwJkUEKMiOi52JXFA==
  dependencies:
    "@babel/generator" "^7.26.5"
    "@babel/parser" "^7.26.7"
    "@babel/traverse" "^7.26.7"
    "@babel/types" "^7.26.7"
    javascript-natural-sort "^0.7.1"
    lodash "^4.17.21"

"@types/node@^26.1.0":
  version "26.1.0"
  resolved "https://registry.yarnpkg.com/@types/node/-/node-26.1.0.tgz#aa85f0727fc5611347091c478341c63650903439"
  integrity sha512-O0A1G3xPGy4w7AgQdAQYUlQ+BKk2Oovw8eRpofyp5KdBZULnbe+WqaOVNrm705SHphCiG4XHsACrSmPu1f+Kgw==
  dependencies:
    undici-types "~8.3.0"

case-anything@^2.1.13:
  version "2.1.13"
  resolved "https://registry.yarnpkg.com/case-anything/-/case-anything-2.1.13.tgz#0cdc16278cb29a7fcdeb072400da3f342ba329e9"
  integrity sha512-zlOQ80VrQ2Ue+ymH5OuM/DlDq64mEm+B9UTdHULv5osUMD6HalNTblf2b1u/m6QecjsnOkBpqVZ+XPwIVsy7Ng==

debug@^4.3.1, debug@^4.4.3:
  version "4.4.3"
  resolved "https://registry.yarnpkg.com/debug/-/debug-4.4.3.tgz#c6ae432d9bd9662582fce08709b038c58e9e3d6a"
  integrity sha512-RGwwWnwQvkVfavKVt22FGLw+xYSdzARwm0ru6DhTVA3umU5hZc28V3kO4stgYryrTlLpuvgI9GiijltAjNbcqA==
  dependencies:
    ms "^2.1.3"

detect-libc@^1.0.3:
  version "1.0.3"
  resolved "https://registry.yarnpkg.com/detect-libc/-/detect-libc-1.0.3.tgz#fa137c4bd698edf55cd5cd02ac559f91a4c4ba9b"
  integrity sha512-pGjwhsmsp4kL2RTz08wcOlGN83otlqHeD/Z5T8GXZB+/YcpQ/dgo+lbU8ZsGxV0HIvqqxo9l7mqYwyYMD9bKDg==

dotenv-expand@12.0.3:
  version "12.0.3"
  resolved "https://registry.yarnpkg.com/dotenv-expand/-/dotenv-expand-12.0.3.tgz#6323ceca51ca0c1b1f0055e2aba39c79781739a6"
  integrity sha512-uc47g4b+4k/M/SeaW1y4OApx+mtLWl92l5LMPP0GNXctZqELk+YGgOPIIC5elYmUH4OuoK3JLhuRUYegeySiFA==
  dependencies:
    dotenv "^16.4.5"

dotenv@17.4.1:
  version "17.4.1"
  resolved "https://registry.yarnpkg.com/dotenv/-/dotenv-17.4.1.tgz#d8e2179fe287365ef3aecb9459668454168eda88"
  integrity sha512-k8DaKGP6r1G30Lx8V4+pCsLzKr8vLmV2paqEj1Y55GdAgJuIqpRp5FfajGF8KtwMxCz9qJc6wUIJnm053d/WCw==

dotenv@^16.4.5:
  version "16.6.1"
  resolved "https://registry.yarnpkg.com/dotenv/-/dotenv-16.6.1.tgz#773f0e69527a8315c7285d5ee73c4459d20a8020"
  integrity sha512-uBq4egWHTcTt33a72vpSG0z3HnPuIl6NqYcTrKEg2azoEyl2hpW0zqlxysq2pK9HlDIHyHyakeYaYnSAwd8bow==

dprint-node@^1.0.8:
  version "1.0.8"
  resolved "https://registry.yarnpkg.com/dprint-node/-/dprint-node-1.0.8.tgz#a02470722d8208a7d7eb3704328afda1d6758625"
  integrity sha512-iVKnUtYfGrYcW1ZAlfR/F59cUVL8QIhWoBJoSjkkdua/dkWIgjZfiLMeTjiB06X0ZLkQ0M2C1VbUj/CxkIf1zg==
  dependencies:
    detect-libc "^1.0.3"

file-type@21.3.4:
  version "21.3.4"
  resolved "https://registry.yarnpkg.com/file-type/-/file-type-21.3.4.tgz#e3f902faee8ec4aa152909fc902a7a77f9c06725"
  integrity sha512-Ievi/yy8DS3ygGvT47PjSfdFoX+2isQueoYP1cntFW1JLYAuS4GD7NUPGg4zv2iZfV52uDyk5w5Z0TdpRS6Q1g==
  dependencies:
    "@tokenizer/inflate" "^0.4.1"
    strtok3 "^10.3.4"
    token-types "^6.1.1"
    uint8array-extras "^1.4.0"

ieee754@^1.2.1:
  version "1.2.1"
  resolved "https://registry.yarnpkg.com/ieee754/-/ieee754-1.2.1.tgz#8eb7a10a63fff25d15a57b001586d177d1b0d352"
  integrity sha512-dcyqhDvX1C46lXZcVqCpK+FtMRQVdIMN6/Df5js2zouUsqG7I6sFxitIC+7KYK29KdXOLHdu9zL4sFnoVQnqaA==

iterare@1.2.1:
  version "1.2.1"
  resolved "https://registry.yarnpkg.com/iterare/-/iterare-1.2.1.tgz#139c400ff7363690e33abffa33cbba8920f00042"
  integrity sha512-RKYVTCjAnRthyJes037NX/IiqeidgN1xc3j1RjFfECFp28A1GVwK9nA+i0rJPaHqSZwygLzRnFlzUuHFoWWy+Q==

javascript-natural-sort@^0.7.1:
  version "0.7.1"
  resolved "https://registry.yarnpkg.com/javascript-natural-sort/-/javascript-natural-sort-0.7.1.tgz#f9e2303d4507f6d74355a73664d1440fb5a0ef59"
  integrity sha512-nO6jcEfZWQXDhOiBtG2KvKyEptz7RVbpGP4vTD2hLBdmNQSsCiicO2Ioinv6UI4y9ukqnBpy+XZ9H6uLNgJTlw==

js-tokens@^4.0.0:
  version "4.0.0"
  resolved "https://registry.yarnpkg.com/js-tokens/-/js-tokens-4.0.0.tgz#19203fb59991df98e3a287050d4647cdeaf32499"
  integrity sha512-RdJUflcE3cUzKiMqQgsCu06FPu9UdIJO0beYbPhHN4k6apgJtifcoCtT9bcxOpYBtpD2kCM6Sbzg4CausW/PKQ==

jsesc@^3.0.2:
  version "3.1.0"
  resolved "https://registry.yarnpkg.com/jsesc/-/jsesc-3.1.0.tgz#74d335a234f67ed19907fdadfac7ccf9d409825d"
  integrity sha512-/sM3dO2FOzXjKQhJuo0Q173wf2KOo8t4I8vHy6lF9poUp7bKT0/NHE8fPX23PwfhnykfqnC2xRxOnVw5XuGIaA==

load-esm@1.0.3:
  version "1.0.3"
  resolved "https://registry.yarnpkg.com/load-esm/-/load-esm-1.0.3.tgz#2073afe3da63902c323e80d9f135c301173ac92c"
  integrity sha512-v5xlu8eHD1+6r8EHTg6hfmO97LN8ugKtiXcy5e6oN72iD2r6u0RPfLl6fxM+7Wnh2ZRq15o0russMst44WauPA==

lodash@4.18.1, lodash@^4.17.21:
  version "4.18.1"
  resolved "https://registry.yarnpkg.com/lodash/-/lodash-4.18.1.tgz#ff2b66c1f6326d59513de2407bf881439812771c"
  integrity sha512-dMInicTPVE8d1e5otfwmmjlxkZoUpiVLwyeTdUsi/Caj/gfzzblBcCE5sRHV/AsjuCmxWrte2TNGSYuCeCq+0Q==

ms@^2.1.3:
  version "2.1.3"
  resolved "https://registry.yarnpkg.com/ms/-/ms-2.1.3.tgz#574c8138ce1d2b5861f0b44579dbadd60c6615b2"
  integrity sha512-6FlzubTLZG3J2a/NVCAleEhjzq5oxgHyaCU9yYXvcLsvoVaHJq/s5xXI6/XXP6tz7R9xAOtHnSO/tXtF3WRTlA==

picocolors@^1.1.1:
  version "1.1.1"
  resolved "https://registry.yarnpkg.com/picocolors/-/picocolors-1.1.1.tgz#3d321af3eab939b083c8f929a1d12cda81c26b6b"
  integrity sha512-xceH2snhtb5M9liqDsmEw56le376mTZkEX/jEb/RxNFyegNul7eNslCXP9FDj/Lcu0X8KEyMceP2ntpaHrDEVA==

prettier@^3.9.4:
  version "3.9.4"
  resolved "https://registry.yarnpkg.com/prettier/-/prettier-3.9.4.tgz#a9c477cf1614376bd1f6bbc593d8c0d414bcec87"
  integrity sha512-yWG/o/4oJfo036EKAfK6ACAoDOfHeRHx4tuxkfBZiauURiaSmYwlpOr5LQqKtIkRD2z1PLteme2WoxEnj4tHTg==

rxjs@^7.8.2:
  version "7.8.2"
  resolved "https://registry.yarnpkg.com/rxjs/-/rxjs-7.8.2.tgz#955bc473ed8af11a002a2be52071bf475638607b"
  integrity sha512-dhKf903U/PQZY6boNNtAGdWbG85WAbjT/1xYoZIC7FAY0yWapOBQVsVrDl58W86//e1VpMNBtRV4MaXfdMySFA==
  dependencies:
    tslib "^2.1.0"

strtok3@^10.3.4:
  version "10.3.5"
  resolved "https://registry.yarnpkg.com/strtok3/-/strtok3-10.3.5.tgz#7213285da0dc3dec0fc8ce5df4b8b7a733f14360"
  integrity sha512-ki4hZQfh5rX0QDLLkOCj+h+CVNkqmp/CMf8v8kZpkNVK6jGQooMytqzLZYUVYIZcFZ6yDB70EfD8POcFXiF5oA==
  dependencies:
    "@tokenizer/token" "^0.3.0"

token-types@^6.1.1:
  version "6.1.2"
  resolved "https://registry.yarnpkg.com/token-types/-/token-types-6.1.2.tgz#18d0fd59b996d421f9f83914d6101c201bd08129"
  integrity sha512-dRXchy+C0IgK8WPC6xvCHFRIWYUbqqdEIKPaKo/AcTUNzwLTK6AH7RjdLWsEZcAN/TBdtfUw3PYEgPr5VPr6ww==
  dependencies:
    "@borewit/text-codec" "^0.2.1"
    "@tokenizer/token" "^0.3.0"
    ieee754 "^1.2.1"

ts-poet@^6.12.0:
  version "6.12.0"
  resolved "https://registry.yarnpkg.com/ts-poet/-/ts-poet-6.12.0.tgz#f28eb91778fdff8e1b264600c7ddddb40cd39d84"
  integrity sha512-xo+iRNMWqyvXpFTaOAvLPA5QAWO6TZrSUs5s4Odaya3epqofBu/fMLHEWl8jPmjhA0s9sgj9sNvF1BmaQlmQkA==
  dependencies:
    dprint-node "^1.0.8"

ts-proto-descriptors@2.1.0:
  version "2.1.0"
  resolved "https://registry.yarnpkg.com/ts-proto-descriptors/-/ts-proto-descriptors-2.1.0.tgz#0c60525ea94748f7b3f394dc10d6eb8eeac4fe39"
  integrity sha512-S5EZYEQ6L9KLFfjSRpZWDIXDV/W7tAj8uW7pLsihIxyr62EAVSiKuVPwE8iWnr849Bqa53enex1jhDUcpgquzA==
  dependencies:
    "@bufbuild/protobuf" "^2.0.0"

ts-proto@^2.11.8:
  version "2.12.4"
  resolved "https://registry.yarnpkg.com/ts-proto/-/ts-proto-2.12.4.tgz#4319305f639a6c9605327f79c9503c5cea8ced6f"
  integrity sha512-nZ2UyT+xEanL90lCnL0BrTfKtljZE4wnOvUqR0XUpuWCu3w4k8LUnR4AKJoy1UtxPDa1HpJ1z//pu2tvIPDrUA==
  dependencies:
    "@bufbuild/protobuf" "^2.14.1"
    case-anything "^2.1.13"
    ts-poet "^6.12.0"
    ts-proto-descriptors "2.1.0"

tslib@2.8.1, tslib@^2.1.0:
  version "2.8.1"
  resolved "https://registry.yarnpkg.com/tslib/-/tslib-2.8.1.tgz#612efe4ed235d567e8aba5f2a5fab70280ade83f"
  integrity sha512-oJFu94HQb+KVduSUQL7wnpmqnfmLsOA/nAh6b6EH0wCEoK0/mPeXU6c3wKDV83MkOuHPRHtSXKKU99IBazS/2w==

typescript@^6.0.3:
  version "6.0.3"
  resolved "https://registry.yarnpkg.com/typescript/-/typescript-6.0.3.tgz#90251dc007916e972786cb94d74d15b185577d21"
  integrity sha512-y2TvuxSZPDyQakkFRPZHKFm+KKVqIisdg9/CZwm9ftvKXLP8NRWj38/ODjNbr43SsoXqNuAisEf1GdCxqWcdBw==

uid@2.0.2:
  version "2.0.2"
  resolved "https://registry.yarnpkg.com/uid/-/uid-2.0.2.tgz#4b5782abf0f2feeefc00fa88006b2b3b7af3e3b9"
  integrity sha512-u3xV3X7uzvi5b1MncmZo3i2Aw222Zk1keqLA1YkHldREkAhAqi65wuPfe7lHx8H/Wzy+8CE7S7uS3jekIM5s8g==
  dependencies:
    "@lukeed/csprng" "^1.0.0"

uint8array-extras@^1.4.0:
  version "1.5.0"
  resolved "https://registry.yarnpkg.com/uint8array-extras/-/uint8array-extras-1.5.0.tgz#10d2a85213de3ada304fea1c454f635c73839e86"
  integrity sha512-rvKSBiC5zqCCiDZ9kAOszZcDvdAHwwIKJG33Ykj43OKcWsnmcBRL09YTU4nOeHZ8Y2a7l1MgTd08SBe9A8Qj6A==

undici-types@~8.3.0:
  version "8.3.0"
  resolved "https://registry.yarnpkg.com/undici-types/-/undici-types-8.3.0.tgz#44e9fc9f3244648cdea35e4f9bb2d681e9410809"
  integrity sha512-j375ScV60dom+YkPFIfTLcOiPxkN/buHz5GobjLhixFuANaNs3C9l4GmrWqejgXWJ7BbJcFYpTEUkS1Ge8bpZQ==
